<?xml version="1.0" encoding="utf-8"?>
<Project ToolsVersion="4.0" xmlns="http://schemas.microsoft.com/developer/msbuild/2003">
  <ItemGroup>
    <Filter Include="源文件">
      <UniqueIdentifier>{4FC737F1-C7A5-4376-A066-2A32D752A2FF}</UniqueIdentifier>
      <Extensions>cpp;c;cc;cxx;c++;cppm;ixx;def;odl;idl;hpj;bat;asm;asmx</Extensions>
    </Filter>
    <Filter Include="头文件">
      <UniqueIdentifier>{93995380-89BD-4b04-88EB-625FBE52EBFB}</UniqueIdentifier>
      <Extensions>h;hh;hpp;hxx;h++;hm;inl;inc;ipp;xsd</Extensions>
    </Filter>
    <Filter Include="资源文件">
      <UniqueIdentifier>{67DA6AB6-F800-4c08-8B7A-83BB121AAD01}</UniqueIdentifier>
      <Extensions>rc;ico;cur;bmp;dlg;rc2;rct;bin;rgs;gif;jpg;jpeg;jpe;resx;tiff;tif;png;wav;mfcribbon-ms</Extensions>
    </Filter>
    <Filter Include="fat32">
      <UniqueIdentifier>{7068bc1e-f971-4cc6-aec3-55da4859282f}</UniqueIdentifier>
    </Filter>
    <Filter Include="iso9660">
      <UniqueIdentifier>{2ed03587-43d9-483b-af6b-54be707e38b9}</UniqueIdentifier>
    </Filter>
    <Filter Include="soundBlaster">
      <UniqueIdentifier>{d69095ac-ee1e-4660-b60f-8a6cfcc67831}</UniqueIdentifier>
    </Filter>
    <Filter Include="ntfs">
      <UniqueIdentifier>{cf4c2b6e-3125-4287-b615-61e8a6c81c5c}</UniqueIdentifier>
    </Filter>
  </ItemGroup>
  <ItemGroup>
    <ClCompile Include="main.cpp">
      <Filter>源文件</Filter>
    </ClCompile>
    <ClCompile Include="..\kernel\vectorRoutine.cpp">
      <Filter>源文件</Filter>
    </ClCompile>
    <ClCompile Include="..\kernel\debugger.cpp">
      <Filter>源文件</Filter>
    </ClCompile>
    <ClCompile Include="..\kernel\Utils.cpp">
      <Filter>源文件</Filter>
    </ClCompile>
    <ClCompile Include="..\kernel\keyboard.cpp">
      <Filter>源文件</Filter>
    </ClCompile>
    <ClCompile Include="..\kernel\mouse.cpp">
      <Filter>源文件</Filter>
    </ClCompile>
    <ClCompile Include="..\kernel\serialUART.cpp">
      <Filter>源文件</Filter>
    </ClCompile>
    <ClCompile Include="..\kernel\servicesProc.cpp">
      <Filter>源文件</Filter>
    </ClCompile>
    <ClCompile Include="..\kernel\floppy.cpp">
      <Filter>源文件</Filter>
    </ClCompile>
    <ClCompile Include="..\kernel\hardware.cpp">
      <Filter>源文件</Filter>
    </ClCompile>
    <ClCompile Include="..\kernel\cmosAlarm.cpp">
      <Filter>源文件</Filter>
    </ClCompile>
    <ClCompile Include="..\kernel\cmosExactTimer.cpp">
      <Filter>源文件</Filter>
    </ClCompile>
    <ClCompile Include="..\kernel\cmosPeriodTimer.cpp">
      <Filter>源文件</Filter>
    </ClCompile>
    <ClCompile Include="..\kernel\coprocessor.cpp">
      <Filter>源文件</Filter>
    </ClCompile>
    <ClCompile Include="..\kernel\descriptor.cpp">
      <Filter>源文件</Filter>
    </ClCompile>
    <ClCompile Include="..\kernel\device.cpp">
      <Filter>源文件</Filter>
    </ClCompile>
    <ClCompile Include="..\kernel\video.cpp">
      <Filter>源文件</Filter>
    </ClCompile>
    <ClCompile Include="..\kernel\window.cpp">
      <Filter>源文件</Filter>
    </ClCompile>
    <ClCompile Include="..\kernel\gdi.cpp">
      <Filter>源文件</Filter>
    </ClCompile>
    <ClCompile Include="..\kernel\ListEntry.cpp">
      <Filter>源文件</Filter>
    </ClCompile>
    <ClCompile Include="..\kernel\math.cpp">
      <Filter>源文件</Filter>
    </ClCompile>
    <ClCompile Include="..\kernel\ATA.cpp">
      <Filter>源文件</Filter>
    </ClCompile>
    <ClCompile Include="..\kernel\atapi.cpp">
      <Filter>源文件</Filter>
    </ClCompile>
    <ClCompile Include="..\kernel\malloc.cpp">
      <Filter>源文件</Filter>
    </ClCompile>
    <ClCompile Include="..\kernel\memory.cpp">
      <Filter>源文件</Filter>
    </ClCompile>
    <ClCompile Include="..\kernel\page.cpp">
      <Filter>源文件</Filter>
    </ClCompile>
    <ClCompile Include="..\kernel\pci.cpp">
      <Filter>源文件</Filter>
    </ClCompile>
    <ClCompile Include="..\kernel\VM86.cpp">
      <Filter>源文件</Filter>
    </ClCompile>
    <ClCompile Include="..\kernel\acpi.cpp">
      <Filter>源文件</Filter>
    </ClCompile>
    <ClCompile Include="..\kernel\apic.cpp">
      <Filter>源文件</Filter>
    </ClCompile>
    <ClCompile Include="..\kernel\exception.cpp">
      <Filter>源文件</Filter>
    </ClCompile>
    <ClCompile Include="..\kernel\file.cpp">
      <Filter>源文件</Filter>
    </ClCompile>
    <ClCompile Include="..\kernel\heap.cpp">
      <Filter>源文件</Filter>
    </ClCompile>
    <ClCompile Include="..\kernel\pe.cpp">
      <Filter>源文件</Filter>
    </ClCompile>
    <ClCompile Include="..\kernel\pe64.cpp">
      <Filter>源文件</Filter>
    </ClCompile>
    <ClCompile Include="..\kernel\PEresource.cpp">
      <Filter>源文件</Filter>
    </ClCompile>
    <ClCompile Include="..\kernel\peVirtual.cpp">
      <Filter>源文件</Filter>
    </ClCompile>
    <ClCompile Include="..\kernel\process.cpp">
      <Filter>源文件</Filter>
    </ClCompile>
    <ClCompile Include="..\kernel\processDOS.cpp">
      <Filter>源文件</Filter>
    </ClCompile>
    <ClCompile Include="..\kernel\screenProtect.cpp">
      <Filter>源文件</Filter>
    </ClCompile>
    <ClCompile Include="..\kernel\task.cpp">
      <Filter>源文件</Filter>
    </ClCompile>
    <ClCompile Include="..\kernel\Thread.cpp">
      <Filter>源文件</Filter>
    </ClCompile>
    <ClCompile Include="..\kernel\timer8254.cpp">
      <Filter>源文件</Filter>
    </ClCompile>
    <ClCompile Include="..\kernel\core.cpp">
      <Filter>源文件</Filter>
    </ClCompile>
    <ClCompile Include="..\kernel\elf.cpp">
      <Filter>源文件</Filter>
    </ClCompile>
    <ClCompile Include="..\kernel\fat32\FAT32.cpp">
      <Filter>fat32</Filter>
    </ClCompile>
    <ClCompile Include="..\kernel\fat32\Fat32File.cpp">
      <Filter>fat32</Filter>
    </ClCompile>
    <ClCompile Include="..\kernel\fat32\FAT32Utils.cpp">
      <Filter>fat32</Filter>
    </ClCompile>
    <ClCompile Include="..\kernel\fat32\FileUtils.cpp">
      <Filter>fat32</Filter>
    </ClCompile>
    <ClCompile Include="..\kernel\ios9660\ios9660.cpp">
      <Filter>iso9660</Filter>
    </ClCompile>
    <ClCompile Include="..\kernel\NTFS\ntfs.cpp">
      <Filter>ntfs</Filter>
    </ClCompile>
    <ClCompile Include="..\kernel\NTFS\ntfsFile.cpp">
      <Filter>ntfs</Filter>
    </ClCompile>
    <ClCompile Include="..\kernel\soundBlaster\sbPlay.cpp">
      <Filter>soundBlaster</Filter>
    </ClCompile>
    <ClCompile Include="..\kernel\textMode.cpp">
      <Filter>源文件</Filter>
    </ClCompile>
  </ItemGroup>
  <ItemGroup>
    <ClInclude Include="main.h">
      <Filter>头文件</Filter>
    </ClInclude>
    <ClInclude Include="..\kernel\vectorRoutine.h">
      <Filter>头文件</Filter>
    </ClInclude>
    <ClInclude Include="..\kernel\debugger.h">
      <Filter>头文件</Filter>
    </ClInclude>
    <ClInclude Include="..\kernel\Utils.h">
      <Filter>头文件</Filter>
    </ClInclude>
    <ClInclude Include="..\kernel\keyboard.h">
      <Filter>头文件</Filter>
    </ClInclude>
    <ClInclude Include="..\kernel\mouse.h">
      <Filter>头文件</Filter>
    </ClInclude>
    <ClInclude Include="..\kernel\serialUART.h">
      <Filter>头文件</Filter>
    </ClInclude>
    <ClInclude Include="..\kernel\servicesProc.h">
      <Filter>头文件</Filter>
    </ClInclude>
    <ClInclude Include="..\kernel\floppy.h">
      <Filter>头文件</Filter>
    </ClInclude>
    <ClInclude Include="..\kernel\def.h">
      <Filter>头文件</Filter>
    </ClInclude>
    <ClInclude Include="..\kernel\hardware.h">
      <Filter>头文件</Filter>
    </ClInclude>
    <ClInclude Include="..\kernel\cmosAlarm.h">
      <Filter>头文件</Filter>
    </ClInclude>
    <ClInclude Include="..\kernel\cmosExactTimer.h">
      <Filter>头文件</Filter>
    </ClInclude>
    <ClInclude Include="..\kernel\cmosPeriodTimer.h">
      <Filter>头文件</Filter>
    </ClInclude>
    <ClInclude Include="..\kernel\coprocessor.h">
      <Filter>头文件</Filter>
    </ClInclude>
    <ClInclude Include="..\kernel\descriptor.h">
      <Filter>头文件</Filter>
    </ClInclude>
    <ClInclude Include="..\kernel\device.h">
      <Filter>头文件</Filter>
    </ClInclude>
    <ClInclude Include="..\kernel\video.h">
      <Filter>头文件</Filter>
    </ClInclude>
    <ClInclude Include="..\kernel\window.h">
      <Filter>头文件</Filter>
    </ClInclude>
    <ClInclude Include="..\kernel\gdi.h">
      <Filter>头文件</Filter>
    </ClInclude>
    <ClInclude Include="..\kernel\ListEntry.h">
      <Filter>头文件</Filter>
    </ClInclude>
    <ClInclude Include="..\kernel\math.h">
      <Filter>头文件</Filter>
    </ClInclude>
    <ClInclude Include="..\kernel\ATA.h">
      <Filter>头文件</Filter>
    </ClInclude>
    <ClInclude Include="..\kernel\atapi.h">
      <Filter>头文件</Filter>
    </ClInclude>
    <ClInclude Include="..\kernel\malloc.h">
      <Filter>头文件</Filter>
    </ClInclude>
    <ClInclude Include="..\kernel\memory.h">
      <Filter>头文件</Filter>
    </ClInclude>
    <ClInclude Include="..\kernel\page.h">
      <Filter>头文件</Filter>
    </ClInclude>
    <ClInclude Include="..\kernel\pci.h">
      <Filter>头文件</Filter>
    </ClInclude>
    <ClInclude Include="..\kernel\VM86.h">
      <Filter>头文件</Filter>
    </ClInclude>
    <ClInclude Include="..\kernel\acpi.h">
      <Filter>头文件</Filter>
    </ClInclude>
    <ClInclude Include="..\kernel\apic.h">
      <Filter>头文件</Filter>
    </ClInclude>
    <ClInclude Include="..\kernel\exception.h">
      <Filter>头文件</Filter>
    </ClInclude>
    <ClInclude Include="..\kernel\file.h">
      <Filter>头文件</Filter>
    </ClInclude>
    <ClInclude Include="..\kernel\heap.h">
      <Filter>头文件</Filter>
    </ClInclude>
    <ClInclude Include="..\kernel\parallel.h">
      <Filter>头文件</Filter>
    </ClInclude>
    <ClInclude Include="..\kernel\Pe.h">
      <Filter>头文件</Filter>
    </ClInclude>
    <ClInclude Include="..\kernel\pe64.h">
      <Filter>头文件</Filter>
    </ClInclude>
    <ClInclude Include="..\kernel\PEresource.h">
      <Filter>头文件</Filter>
    </ClInclude>
    <ClInclude Include="..\kernel\peVirtual.h">
      <Filter>头文件</Filter>
    </ClInclude>
    <ClInclude Include="..\kernel\process.h">
      <Filter>头文件</Filter>
    </ClInclude>
    <ClInclude Include="..\kernel\processDOS.h">
      <Filter>头文件</Filter>
    </ClInclude>
    <ClInclude Include="..\kernel\screenProtect.h">
      <Filter>头文件</Filter>
    </ClInclude>
    <ClInclude Include="..\kernel\task.h">
      <Filter>头文件</Filter>
    </ClInclude>
    <ClInclude Include="..\kernel\Thread.h">
      <Filter>头文件</Filter>
    </ClInclude>
    <ClInclude Include="..\kernel\timer8254.h">
      <Filter>头文件</Filter>
    </ClInclude>
    <ClInclude Include="..\kernel\core.h">
      <Filter>头文件</Filter>
    </ClInclude>
    <ClInclude Include="..\kernel\elf.h">
      <Filter>头文件</Filter>
    </ClInclude>
    <ClInclude Include="..\kernel\fat32\FAT32.h">
      <Filter>fat32</Filter>
    </ClInclude>
    <ClInclude Include="..\kernel\fat32\Fat32File.h">
      <Filter>fat32</Filter>
    </ClInclude>
    <ClInclude Include="..\kernel\fat32\FAT32Utils.h">
      <Filter>fat32</Filter>
    </ClInclude>
    <ClInclude Include="..\kernel\fat32\FileUtils.h">
      <Filter>fat32</Filter>
    </ClInclude>
    <ClInclude Include="..\kernel\ios9660\ios9660.h">
      <Filter>iso9660</Filter>
    </ClInclude>
    <ClInclude Include="..\kernel\NTFS\ntfs.h">
      <Filter>ntfs</Filter>
    </ClInclude>
    <ClInclude Include="..\kernel\NTFS\ntfsFile.h">
      <Filter>ntfs</Filter>
    </ClInclude>
    <ClInclude Include="..\kernel\soundBlaster\sbPlay.h">
      <Filter>soundBlaster</Filter>
    </ClInclude>
    <ClInclude Include="..\kernel\textMode.h">
      <Filter>头文件</Filter>
    </ClInclude>
  </ItemGroup>
</Project>